
Microsoft Visual Studio Solution File, Format Version 12.00
# Visual Studio Version 17
VisualStudioVersion = 17.0.31903.59
MinimumVisualStudioVersion = 10.0.40219.1
Project("{FAE04EC0-301F-11D3-BF4B-00C04F79EFBC}") = "ConsoleAppHelloWorld", "ConsoleAppHelloWorld\ConsoleAppHelloWorld.csproj", "{9AFE62CA-1E4F-4216-8816-02D40B069BB6}"
EndProject
Project("{FAE04EC0-301F-11D3-BF4B-00C04F79EFBC}") = "ConsoleApp.additional", "ConsoleApp.additional\ConsoleApp.additional.csproj", "{378D60D9-FBCA-42D8-8BD5-DF14EF0BFB3E}"
EndProject
Global
	GlobalSection(SolutionConfigurationPlatforms) = preSolution
		Debug|Any CPU = Debug|Any CPU
		Release|Any CPU = Release|Any CPU
	EndGlobalSection
	GlobalSection(SolutionProperties) = preSolution
		HideSolutionNode = FALSE
	EndGlobalSection
	GlobalSection(ProjectConfigurationPlatforms) = postSolution
		{9AFE62CA-1E4F-4216-8816-02D40B069BB6}.Debug|Any CPU.ActiveCfg = Debug|Any CPU
		{9AFE62CA-1E4F-4216-8816-02D40B069BB6}.Debug|Any CPU.Build.0 = Debug|Any CPU
		{9AFE62CA-1E4F-4216-8816-02D40B069BB6}.Release|Any CPU.ActiveCfg = Release|Any CPU
		{9AFE62CA-1E4F-4216-8816-02D40B069BB6}.Release|Any CPU.Build.0 = Release|Any CPU
		{378D60D9-FBCA-42D8-8BD5-DF14EF0BFB3E}.Debug|Any CPU.ActiveCfg = Debug|Any CPU
		{378D60D9-FBCA-42D8-8BD5-DF14EF0BFB3E}.Debug|Any CPU.Build.0 = Debug|Any CPU
		{378D60D9-FBCA-42D8-8BD5-DF14EF0BFB3E}.Release|Any CPU.ActiveCfg = Release|Any CPU
		{378D60D9-FBCA-42D8-8BD5-DF14EF0BFB3E}.Release|Any CPU.Build.0 = Release|Any CPU
	EndGlobalSection
EndGlobal
